
Microsoft Visual Studio Solution File, Format Version 12.00
# Visual Studio Version 17
VisualStudioVersion = 17.14.36221.1
MinimumVisualStudioVersion = 10.0.40219.1
Project("{FAE04EC0-301F-11D3-BF4B-00C04F79EFBC}") = "TirsvadWeb.JwtAuth.Domain", "src\TirsvadWeb.JwtAuth.Domain\TirsvadWeb.JwtAuth.Domain.csproj", "{29DB3DD4-DBA2-46C5-9409-CA791F17B41F}"
EndProject
Project("{2150E333-8FDC-42A3-9474-1A3956D46DE8}") = "Solution Items", "Solution Items", "{8EC462FD-D22E-90A8-E5CE-7E832BA40C5D}"
	ProjectSection(SolutionItems) = preProject
		IncrementBuildAndPush.ps1 = IncrementBuildAndPush.ps1
		README.md = README.md
	EndProjectSection
EndProject
Project("{FAE04EC0-301F-11D3-BF4B-00C04F79EFBC}") = "TestDomain", "src\TestEntityValidation\TestDomain.csproj", "{1C340D8F-35F1-2C2A-7C6E-21F0D17DED2E}"
EndProject
Global
	GlobalSection(SolutionConfigurationPlatforms) = preSolution
		Debug|Any CPU = Debug|Any CPU
		Release|Any CPU = Release|Any CPU
	EndGlobalSection
	GlobalSection(ProjectConfigurationPlatforms) = postSolution
		{29DB3DD4-DBA2-46C5-9409-CA791F17B41F}.Debug|Any CPU.ActiveCfg = Debug|Any CPU
		{29DB3DD4-DBA2-46C5-9409-CA791F17B41F}.Debug|Any CPU.Build.0 = Debug|Any CPU
		{29DB3DD4-DBA2-46C5-9409-CA791F17B41F}.Release|Any CPU.ActiveCfg = Release|Any CPU
		{29DB3DD4-DBA2-46C5-9409-CA791F17B41F}.Release|Any CPU.Build.0 = Release|Any CPU
		{1C340D8F-35F1-2C2A-7C6E-21F0D17DED2E}.Debug|Any CPU.ActiveCfg = Debug|Any CPU
		{1C340D8F-35F1-2C2A-7C6E-21F0D17DED2E}.Debug|Any CPU.Build.0 = Debug|Any CPU
		{1C340D8F-35F1-2C2A-7C6E-21F0D17DED2E}.Release|Any CPU.ActiveCfg = Release|Any CPU
		{1C340D8F-35F1-2C2A-7C6E-21F0D17DED2E}.Release|Any CPU.Build.0 = Release|Any CPU
	EndGlobalSection
	GlobalSection(SolutionProperties) = preSolution
		HideSolutionNode = FALSE
	EndGlobalSection
	GlobalSection(ExtensibilityGlobals) = postSolution
		SolutionGuid = {0C77970A-8011-4328-8AFE-E565E22A75DA}
	EndGlobalSection
EndGlobal
